// !$*UTF8*$!
{
	archiveVersion = 1;
	classes = {
	};
	objectVersion = 56;
	objects = {

/* Begin PBXBuildFile section */
		A41178152BB90A020046170C /* FirebaseAuthenticationService.swift in Sources */ = {isa = PBXBuildFile; fileRef = A41178142BB90A020046170C /* FirebaseAuthenticationService.swift */; };
		A411781A2BB90A390046170C /* AuthManager.swift in Sources */ = {isa = PBXBuildFile; fileRef = A41178192BB90A390046170C /* AuthManager.swift */; };
		A411781F2BB90F630046170C /* ChoreModel.swift in Sources */ = {isa = PBXBuildFile; fileRef = A411781E2BB90F630046170C /* ChoreModel.swift */; };
		A41178252BB9137D0046170C /* UIViewContollerExtension.swift in Sources */ = {isa = PBXBuildFile; fileRef = A41178242BB9137D0046170C /* UIViewContollerExtension.swift */; };
		A41178272BB913F60046170C /* MainControllerExtension.swift in Sources */ = {isa = PBXBuildFile; fileRef = A41178262BB913F60046170C /* MainControllerExtension.swift */; };
		A41178312BBA119C0046170C /* AuthDelegate.swift in Sources */ = {isa = PBXBuildFile; fileRef = A41178302BBA119C0046170C /* AuthDelegate.swift */; };
		A41178332BBA11D70046170C /* ChoresManaging.swift in Sources */ = {isa = PBXBuildFile; fileRef = A41178322BBA11D70046170C /* ChoresManaging.swift */; };
		A41178352BBA12280046170C /* InMemoryChoresManager.swift in Sources */ = {isa = PBXBuildFile; fileRef = A41178342BBA12280046170C /* InMemoryChoresManager.swift */; };
		A41178372BBA150F0046170C /* AddChoreDelegate.swift in Sources */ = {isa = PBXBuildFile; fileRef = A41178362BBA150F0046170C /* AddChoreDelegate.swift */; };
		A41178392BBA1ADD0046170C /* UserDefaultsChoresManager.swift in Sources */ = {isa = PBXBuildFile; fileRef = A41178382BBA1ADD0046170C /* UserDefaultsChoresManager.swift */; };
		A42E279C2BBB529100281868 /* DetailsControllerExtension.swift in Sources */ = {isa = PBXBuildFile; fileRef = A42E279B2BBB529100281868 /* DetailsControllerExtension.swift */; };
		A455D8CB2BB553B100903E11 /* FirebaseAnalytics in Frameworks */ = {isa = PBXBuildFile; productRef = A455D8CA2BB553B100903E11 /* FirebaseAnalytics */; };
		A455D8CD2BB553B100903E11 /* FirebaseAnalyticsOnDeviceConversion in Frameworks */ = {isa = PBXBuildFile; productRef = A455D8CC2BB553B100903E11 /* FirebaseAnalyticsOnDeviceConversion */; };
		A455D8CF2BB553B100903E11 /* FirebaseAnalyticsSwift in Frameworks */ = {isa = PBXBuildFile; productRef = A455D8CE2BB553B100903E11 /* FirebaseAnalyticsSwift */; };
		A455D8D12BB553B100903E11 /* FirebaseAnalyticsWithoutAdIdSupport in Frameworks */ = {isa = PBXBuildFile; productRef = A455D8D02BB553B100903E11 /* FirebaseAnalyticsWithoutAdIdSupport */; };
		A455D8D32BB553B100903E11 /* FirebaseAppCheck in Frameworks */ = {isa = PBXBuildFile; productRef = A455D8D22BB553B100903E11 /* FirebaseAppCheck */; };
		A455D8D52BB558C500903E11 /* FirebaseAnalytics in Frameworks */ = {isa = PBXBuildFile; productRef = A455D8D42BB558C500903E11 /* FirebaseAnalytics */; };
		A455D8D72BB558C500903E11 /* FirebaseAnalyticsOnDeviceConversion in Frameworks */ = {isa = PBXBuildFile; productRef = A455D8D62BB558C500903E11 /* FirebaseAnalyticsOnDeviceConversion */; };
		A455D8D92BB558C500903E11 /* FirebaseAnalyticsSwift in Frameworks */ = {isa = PBXBuildFile; productRef = A455D8D82BB558C500903E11 /* FirebaseAnalyticsSwift */; };
		A455D8DB2BB558C500903E11 /* FirebaseAnalyticsWithoutAdIdSupport in Frameworks */ = {isa = PBXBuildFile; productRef = A455D8DA2BB558C500903E11 /* FirebaseAnalyticsWithoutAdIdSupport */; };
		A455D8DD2BB558C500903E11 /* FirebaseAppCheck in Frameworks */ = {isa = PBXBuildFile; productRef = A455D8DC2BB558C500903E11 /* FirebaseAppCheck */; };
		A455D8DF2BB559D600903E11 /* FirebaseAnalytics in Frameworks */ = {isa = PBXBuildFile; productRef = A455D8DE2BB559D600903E11 /* FirebaseAnalytics */; };
		A455D8E12BB559D600903E11 /* FirebaseAnalyticsOnDeviceConversion in Frameworks */ = {isa = PBXBuildFile; productRef = A455D8E02BB559D600903E11 /* FirebaseAnalyticsOnDeviceConversion */; };
		A455D8E32BB559D600903E11 /* FirebaseAnalyticsSwift in Frameworks */ = {isa = PBXBuildFile; productRef = A455D8E22BB559D600903E11 /* FirebaseAnalyticsSwift */; };
		A455D8E52BB559D600903E11 /* FirebaseAnalyticsWithoutAdIdSupport in Frameworks */ = {isa = PBXBuildFile; productRef = A455D8E42BB559D600903E11 /* FirebaseAnalyticsWithoutAdIdSupport */; };
		A455D8E72BB559D600903E11 /* FirebaseAppCheck in Frameworks */ = {isa = PBXBuildFile; productRef = A455D8E62BB559D600903E11 /* FirebaseAppCheck */; };
		A455D8E92BB559D600903E11 /* FirebaseAppDistribution-Beta in Frameworks */ = {isa = PBXBuildFile; productRef = A455D8E82BB559D600903E11 /* FirebaseAppDistribution-Beta */; };
		A455D8EB2BB559D600903E11 /* FirebaseAuth in Frameworks */ = {isa = PBXBuildFile; productRef = A455D8EA2BB559D600903E11 /* FirebaseAuth */; };
		A455D8ED2BB559D600903E11 /* FirebaseAuthCombine-Community in Frameworks */ = {isa = PBXBuildFile; productRef = A455D8EC2BB559D600903E11 /* FirebaseAuthCombine-Community */; };
		A455D8EF2BB559D600903E11 /* FirebaseCrashlytics in Frameworks */ = {isa = PBXBuildFile; productRef = A455D8EE2BB559D600903E11 /* FirebaseCrashlytics */; };
		A455D8F12BB559D600903E11 /* FirebaseDatabase in Frameworks */ = {isa = PBXBuildFile; productRef = A455D8F02BB559D600903E11 /* FirebaseDatabase */; };
		A455D8F32BB559D600903E11 /* FirebaseDatabaseSwift in Frameworks */ = {isa = PBXBuildFile; productRef = A455D8F22BB559D600903E11 /* FirebaseDatabaseSwift */; };
		A455D8F52BB559D600903E11 /* FirebaseDynamicLinks in Frameworks */ = {isa = PBXBuildFile; productRef = A455D8F42BB559D600903E11 /* FirebaseDynamicLinks */; };
		A455D8F72BB559D600903E11 /* FirebaseFirestore in Frameworks */ = {isa = PBXBuildFile; productRef = A455D8F62BB559D600903E11 /* FirebaseFirestore */; };
		A455D8F92BB559D600903E11 /* FirebaseFirestoreCombine-Community in Frameworks */ = {isa = PBXBuildFile; productRef = A455D8F82BB559D600903E11 /* FirebaseFirestoreCombine-Community */; };
		A455D8FB2BB559D600903E11 /* FirebaseFirestoreSwift in Frameworks */ = {isa = PBXBuildFile; productRef = A455D8FA2BB559D600903E11 /* FirebaseFirestoreSwift */; };
		A455D8FD2BB559D600903E11 /* FirebaseFunctions in Frameworks */ = {isa = PBXBuildFile; productRef = A455D8FC2BB559D600903E11 /* FirebaseFunctions */; };
		A455D8FF2BB559D600903E11 /* FirebaseFunctionsCombine-Community in Frameworks */ = {isa = PBXBuildFile; productRef = A455D8FE2BB559D600903E11 /* FirebaseFunctionsCombine-Community */; };
		A455D9012BB559D600903E11 /* FirebaseInAppMessaging-Beta in Frameworks */ = {isa = PBXBuildFile; productRef = A455D9002BB559D600903E11 /* FirebaseInAppMessaging-Beta */; };
		A455D9032BB559D600903E11 /* FirebaseInAppMessagingSwift-Beta in Frameworks */ = {isa = PBXBuildFile; productRef = A455D9022BB559D600903E11 /* FirebaseInAppMessagingSwift-Beta */; };
		A455D9052BB559D600903E11 /* FirebaseInstallations in Frameworks */ = {isa = PBXBuildFile; productRef = A455D9042BB559D600903E11 /* FirebaseInstallations */; };
		A455D9072BB559D600903E11 /* FirebaseMLModelDownloader in Frameworks */ = {isa = PBXBuildFile; productRef = A455D9062BB559D600903E11 /* FirebaseMLModelDownloader */; };
		A455D9092BB559D600903E11 /* FirebaseMessaging in Frameworks */ = {isa = PBXBuildFile; productRef = A455D9082BB559D600903E11 /* FirebaseMessaging */; };
		A455D90B2BB559D600903E11 /* FirebasePerformance in Frameworks */ = {isa = PBXBuildFile; productRef = A455D90A2BB559D600903E11 /* FirebasePerformance */; };
		A455D90D2BB559D600903E11 /* FirebaseRemoteConfig in Frameworks */ = {isa = PBXBuildFile; productRef = A455D90C2BB559D600903E11 /* FirebaseRemoteConfig */; };
		A455D90F2BB559D600903E11 /* FirebaseRemoteConfigSwift in Frameworks */ = {isa = PBXBuildFile; productRef = A455D90E2BB559D600903E11 /* FirebaseRemoteConfigSwift */; };
		A455D9112BB559D600903E11 /* FirebaseStorage in Frameworks */ = {isa = PBXBuildFile; productRef = A455D9102BB559D600903E11 /* FirebaseStorage */; };
		A455D9132BB559D600903E11 /* FirebaseStorageCombine-Community in Frameworks */ = {isa = PBXBuildFile; productRef = A455D9122BB559D600903E11 /* FirebaseStorageCombine-Community */; };
		A455D9182BB55DC900903E11 /* Main.storyboard in Resources */ = {isa = PBXBuildFile; fileRef = A455D9172BB55DC900903E11 /* Main.storyboard */; };
		A455D9202BB55E7F00903E11 /* MainViewController.swift in Sources */ = {isa = PBXBuildFile; fileRef = A455D91F2BB55E7F00903E11 /* MainViewController.swift */; };
		A4672CE22BB62A640040B503 /* CredentialsModel.swift in Sources */ = {isa = PBXBuildFile; fileRef = A4672CE12BB62A640040B503 /* CredentialsModel.swift */; };
		A495C8C72BB3A1800053875E /* AppDelegate.swift in Sources */ = {isa = PBXBuildFile; fileRef = A495C8C62BB3A1800053875E /* AppDelegate.swift */; };
		A495C8C92BB3A1800053875E /* SceneDelegate.swift in Sources */ = {isa = PBXBuildFile; fileRef = A495C8C82BB3A1800053875E /* SceneDelegate.swift */; };
		A495C8CB2BB3A1800053875E /* LoginViewController.swift in Sources */ = {isa = PBXBuildFile; fileRef = A495C8CA2BB3A1800053875E /* LoginViewController.swift */; };
		A495C8D02BB3A1810053875E /* Assets.xcassets in Resources */ = {isa = PBXBuildFile; fileRef = A495C8CF2BB3A1810053875E /* Assets.xcassets */; };
		A495C8D32BB3A1810053875E /* LaunchScreen.storyboard in Resources */ = {isa = PBXBuildFile; fileRef = A495C8D12BB3A1810053875E /* LaunchScreen.storyboard */; };
		A4A53F012BC4DF0300A852F8 /* DetailsViewController.swift in Sources */ = {isa = PBXBuildFile; fileRef = A4A53F002BC4DF0300A852F8 /* DetailsViewController.swift */; };
		A4F555A92BC6355D00F19615 /* GoogleService-Info.plist in Resources */ = {isa = PBXBuildFile; fileRef = A4F555A82BC6355D00F19615 /* GoogleService-Info.plist */; };
/* End PBXBuildFile section */

/* Begin PBXFileReference section */
		A41178142BB90A020046170C /* FirebaseAuthenticationService.swift */ = {isa = PBXFileReference; lastKnownFileType = sourcecode.swift; path = FirebaseAuthenticationService.swift; sourceTree = "<group>"; };
		A41178192BB90A390046170C /* AuthManager.swift */ = {isa = PBXFileReference; lastKnownFileType = sourcecode.swift; path = AuthManager.swift; sourceTree = "<group>"; };
		A411781E2BB90F630046170C /* ChoreModel.swift */ = {isa = PBXFileReference; lastKnownFileType = sourcecode.swift; path = ChoreModel.swift; sourceTree = "<group>"; };
		A41178242BB9137D0046170C /* UIViewContollerExtension.swift */ = {isa = PBXFileReference; fileEncoding = 4; lastKnownFileType = sourcecode.swift; path = UIViewContollerExtension.swift; sourceTree = "<group>"; };
		A41178262BB913F60046170C /* MainControllerExtension.swift */ = {isa = PBXFileReference; lastKnownFileType = sourcecode.swift; path = MainControllerExtension.swift; sourceTree = "<group>"; };
		A41178302BBA119C0046170C /* AuthDelegate.swift */ = {isa = PBXFileReference; lastKnownFileType = sourcecode.swift; path = AuthDelegate.swift; sourceTree = "<group>"; };
		A41178322BBA11D70046170C /* ChoresManaging.swift */ = {isa = PBXFileReference; lastKnownFileType = sourcecode.swift; path = ChoresManaging.swift; sourceTree = "<group>"; };
		A41178342BBA12280046170C /* InMemoryChoresManager.swift */ = {isa = PBXFileReference; lastKnownFileType = sourcecode.swift; path = InMemoryChoresManager.swift; sourceTree = "<group>"; };
		A41178362BBA150F0046170C /* AddChoreDelegate.swift */ = {isa = PBXFileReference; lastKnownFileType = sourcecode.swift; path = AddChoreDelegate.swift; sourceTree = "<group>"; };
		A41178382BBA1ADD0046170C /* UserDefaultsChoresManager.swift */ = {isa = PBXFileReference; lastKnownFileType = sourcecode.swift; path = UserDefaultsChoresManager.swift; sourceTree = "<group>"; };
		A42E279B2BBB529100281868 /* DetailsControllerExtension.swift */ = {isa = PBXFileReference; lastKnownFileType = sourcecode.swift; path = DetailsControllerExtension.swift; sourceTree = "<group>"; };
		A455D9172BB55DC900903E11 /* Main.storyboard */ = {isa = PBXFileReference; lastKnownFileType = file.storyboard; path = Main.storyboard; sourceTree = "<group>"; };
		A455D91F2BB55E7F00903E11 /* MainViewController.swift */ = {isa = PBXFileReference; lastKnownFileType = sourcecode.swift; path = MainViewController.swift; sourceTree = "<group>"; };
		A4672CE12BB62A640040B503 /* CredentialsModel.swift */ = {isa = PBXFileReference; lastKnownFileType = sourcecode.swift; path = CredentialsModel.swift; sourceTree = "<group>"; };
		A495C8C32BB3A1800053875E /* ChoreChampion.app */ = {isa = PBXFileReference; explicitFileType = wrapper.application; includeInIndex = 0; path = ChoreChampion.app; sourceTree = BUILT_PRODUCTS_DIR; };
		A495C8C62BB3A1800053875E /* AppDelegate.swift */ = {isa = PBXFileReference; lastKnownFileType = sourcecode.swift; path = AppDelegate.swift; sourceTree = "<group>"; };
		A495C8C82BB3A1800053875E /* SceneDelegate.swift */ = {isa = PBXFileReference; lastKnownFileType = sourcecode.swift; path = SceneDelegate.swift; sourceTree = "<group>"; };
		A495C8CA2BB3A1800053875E /* LoginViewController.swift */ = {isa = PBXFileReference; lastKnownFileType = sourcecode.swift; path = LoginViewController.swift; sourceTree = "<group>"; };
		A495C8CF2BB3A1810053875E /* Assets.xcassets */ = {isa = PBXFileReference; lastKnownFileType = folder.assetcatalog; path = Assets.xcassets; sourceTree = "<group>"; };
		A495C8D22BB3A1810053875E /* Base */ = {isa = PBXFileReference; lastKnownFileType = file.storyboard; name = Base; path = Base.lproj/LaunchScreen.storyboard; sourceTree = "<group>"; };
		A495C8D42BB3A1810053875E /* Info.plist */ = {isa = PBXFileReference; lastKnownFileType = text.plist.xml; path = Info.plist; sourceTree = "<group>"; };
		A4A53F002BC4DF0300A852F8 /* DetailsViewController.swift */ = {isa = PBXFileReference; lastKnownFileType = sourcecode.swift; path = DetailsViewController.swift; sourceTree = "<group>"; };
		A4F555A82BC6355D00F19615 /* GoogleService-Info.plist */ = {isa = PBXFileReference; fileEncoding = 4; lastKnownFileType = text.plist.xml; name = "GoogleService-Info.plist"; path = "../../../../../Downloads/GoogleService-Info.plist"; sourceTree = "<group>"; };
/* End PBXFileReference section */

/* Begin PBXFrameworksBuildPhase section */
		A495C8C02BB3A1800053875E /* Frameworks */ = {
			isa = PBXFrameworksBuildPhase;
			buildActionMask = 2147483647;
			files = (
				A455D9072BB559D600903E11 /* FirebaseMLModelDownloader in Frameworks */,
				A455D8F32BB559D600903E11 /* FirebaseDatabaseSwift in Frameworks */,
				A455D8F52BB559D600903E11 /* FirebaseDynamicLinks in Frameworks */,
				A455D8CF2BB553B100903E11 /* FirebaseAnalyticsSwift in Frameworks */,
				A455D8ED2BB559D600903E11 /* FirebaseAuthCombine-Community in Frameworks */,
				A455D8CB2BB553B100903E11 /* FirebaseAnalytics in Frameworks */,
				A455D8FB2BB559D600903E11 /* FirebaseFirestoreSwift in Frameworks */,
				A455D8EB2BB559D600903E11 /* FirebaseAuth in Frameworks */,
				A455D8D52BB558C500903E11 /* FirebaseAnalytics in Frameworks */,
				A455D8D72BB558C500903E11 /* FirebaseAnalyticsOnDeviceConversion in Frameworks */,
				A455D9052BB559D600903E11 /* FirebaseInstallations in Frameworks */,
				A455D90B2BB559D600903E11 /* FirebasePerformance in Frameworks */,
				A455D8FD2BB559D600903E11 /* FirebaseFunctions in Frameworks */,
				A455D8D92BB558C500903E11 /* FirebaseAnalyticsSwift in Frameworks */,
				A455D8F92BB559D600903E11 /* FirebaseFirestoreCombine-Community in Frameworks */,
				A455D8CD2BB553B100903E11 /* FirebaseAnalyticsOnDeviceConversion in Frameworks */,
				A455D8DF2BB559D600903E11 /* FirebaseAnalytics in Frameworks */,
				A455D90F2BB559D600903E11 /* FirebaseRemoteConfigSwift in Frameworks */,
				A455D9092BB559D600903E11 /* FirebaseMessaging in Frameworks */,
				A455D8E92BB559D600903E11 /* FirebaseAppDistribution-Beta in Frameworks */,
				A455D9012BB559D600903E11 /* FirebaseInAppMessaging-Beta in Frameworks */,
				A455D8F12BB559D600903E11 /* FirebaseDatabase in Frameworks */,
				A455D90D2BB559D600903E11 /* FirebaseRemoteConfig in Frameworks */,
				A455D9132BB559D600903E11 /* FirebaseStorageCombine-Community in Frameworks */,
				A455D8E12BB559D600903E11 /* FirebaseAnalyticsOnDeviceConversion in Frameworks */,
				A455D8D32BB553B100903E11 /* FirebaseAppCheck in Frameworks */,
				A455D8F72BB559D600903E11 /* FirebaseFirestore in Frameworks */,
				A455D9032BB559D600903E11 /* FirebaseInAppMessagingSwift-Beta in Frameworks */,
				A455D8E32BB559D600903E11 /* FirebaseAnalyticsSwift in Frameworks */,
				A455D8FF2BB559D600903E11 /* FirebaseFunctionsCombine-Community in Frameworks */,
				A455D9112BB559D600903E11 /* FirebaseStorage in Frameworks */,
				A455D8DB2BB558C500903E11 /* FirebaseAnalyticsWithoutAdIdSupport in Frameworks */,
				A455D8EF2BB559D600903E11 /* FirebaseCrashlytics in Frameworks */,
				A455D8E52BB559D600903E11 /* FirebaseAnalyticsWithoutAdIdSupport in Frameworks */,
				A455D8DD2BB558C500903E11 /* FirebaseAppCheck in Frameworks */,
				A455D8E72BB559D600903E11 /* FirebaseAppCheck in Frameworks */,
				A455D8D12BB553B100903E11 /* FirebaseAnalyticsWithoutAdIdSupport in Frameworks */,
			);
			runOnlyForDeploymentPostprocessing = 0;
		};
/* End PBXFrameworksBuildPhase section */

/* Begin PBXGroup section */
		A41178132BB909F00046170C /* Services */ = {
			isa = PBXGroup;
			children = (
				A41178142BB90A020046170C /* FirebaseAuthenticationService.swift */,
			);
			path = Services;
			sourceTree = "<group>";
		};
		A41178182BB90A260046170C /* Managers */ = {
			isa = PBXGroup;
			children = (
				A41178192BB90A390046170C /* AuthManager.swift */,
				A41178342BBA12280046170C /* InMemoryChoresManager.swift */,
				A41178382BBA1ADD0046170C /* UserDefaultsChoresManager.swift */,
			);
			path = Managers;
			sourceTree = "<group>";
		};
		A411781B2BB90D390046170C /* Extensions */ = {
			isa = PBXGroup;
			children = (
				A41178242BB9137D0046170C /* UIViewContollerExtension.swift */,
				A41178262BB913F60046170C /* MainControllerExtension.swift */,
				A42E279B2BBB529100281868 /* DetailsControllerExtension.swift */,
			);
			path = Extensions;
			sourceTree = "<group>";
		};
		A455D9212BB561D200903E11 /* Views */ = {
			isa = PBXGroup;
			children = (
				A455D9232BB561E600903E11 /* ViewControllers */,
				A455D9222BB561DC00903E11 /* Storyboards */,
			);
			path = Views;
			sourceTree = "<group>";
		};
		A455D9222BB561DC00903E11 /* Storyboards */ = {
			isa = PBXGroup;
			children = (
				A455D9172BB55DC900903E11 /* Main.storyboard */,
			);
			path = Storyboards;
			sourceTree = "<group>";
		};
		A455D9232BB561E600903E11 /* ViewControllers */ = {
			isa = PBXGroup;
			children = (
				A455D91F2BB55E7F00903E11 /* MainViewController.swift */,
				A495C8CA2BB3A1800053875E /* LoginViewController.swift */,
				A4A53F002BC4DF0300A852F8 /* DetailsViewController.swift */,
			);
			path = ViewControllers;
			sourceTree = "<group>";
		};
		A4672CDD2BB629AF0040B503 /* Models */ = {
			isa = PBXGroup;
			children = (
				A4672CE12BB62A640040B503 /* CredentialsModel.swift */,
				A411781E2BB90F630046170C /* ChoreModel.swift */,
			);
			path = Models;
			sourceTree = "<group>";
		};
		A4672CDE2BB629C10040B503 /* Protocols */ = {
			isa = PBXGroup;
			children = (
				A41178302BBA119C0046170C /* AuthDelegate.swift */,
				A41178322BBA11D70046170C /* ChoresManaging.swift */,
				A41178362BBA150F0046170C /* AddChoreDelegate.swift */,
			);
			path = Protocols;
			sourceTree = "<group>";
		};
		A495C8BA2BB3A1800053875E = {
			isa = PBXGroup;
			children = (
				A495C8C52BB3A1800053875E /* ChoreChampion */,
				A495C8C42BB3A1800053875E /* Products */,
			);
			sourceTree = "<group>";
		};
		A495C8C42BB3A1800053875E /* Products */ = {
			isa = PBXGroup;
			children = (
				A495C8C32BB3A1800053875E /* ChoreChampion.app */,
			);
			name = Products;
			sourceTree = "<group>";
		};
		A495C8C52BB3A1800053875E /* ChoreChampion */ = {
			isa = PBXGroup;
			children = (
				A411781B2BB90D390046170C /* Extensions */,
				A41178182BB90A260046170C /* Managers */,
				A41178132BB909F00046170C /* Services */,
				A4672CDE2BB629C10040B503 /* Protocols */,
				A4672CDD2BB629AF0040B503 /* Models */,
				A455D9212BB561D200903E11 /* Views */,
				A495C8C62BB3A1800053875E /* AppDelegate.swift */,
				A495C8C82BB3A1800053875E /* SceneDelegate.swift */,
				A495C8CF2BB3A1810053875E /* Assets.xcassets */,
				A495C8D12BB3A1810053875E /* LaunchScreen.storyboard */,
				A495C8D42BB3A1810053875E /* Info.plist */,
				A4F555A82BC6355D00F19615 /* GoogleService-Info.plist */,
			);
			path = ChoreChampion;
			sourceTree = "<group>";
		};
/* End PBXGroup section */

/* Begin PBXNativeTarget section */
		A495C8C22BB3A1800053875E /* ChoreChampion */ = {
			isa = PBXNativeTarget;
			buildConfigurationList = A495C8D72BB3A1810053875E /* Build configuration list for PBXNativeTarget "ChoreChampion" */;
			buildPhases = (
				A495C8BF2BB3A1800053875E /* Sources */,
				A495C8C02BB3A1800053875E /* Frameworks */,
				A495C8C12BB3A1800053875E /* Resources */,
			);
			buildRules = (
			);
			dependencies = (
			);
			name = ChoreChampion;
			packageProductDependencies = (
				A455D8CA2BB553B100903E11 /* FirebaseAnalytics */,
				A455D8CC2BB553B100903E11 /* FirebaseAnalyticsOnDeviceConversion */,
				A455D8CE2BB553B100903E11 /* FirebaseAnalyticsSwift */,
				A455D8D02BB553B100903E11 /* FirebaseAnalyticsWithoutAdIdSupport */,
				A455D8D22BB553B100903E11 /* FirebaseAppCheck */,
				A455D8D42BB558C500903E11 /* FirebaseAnalytics */,
				A455D8D62BB558C500903E11 /* FirebaseAnalyticsOnDeviceConversion */,
				A455D8D82BB558C500903E11 /* FirebaseAnalyticsSwift */,
				A455D8DA2BB558C500903E11 /* FirebaseAnalyticsWithoutAdIdSupport */,
				A455D8DC2BB558C500903E11 /* FirebaseAppCheck */,
				A455D8DE2BB559D600903E11 /* FirebaseAnalytics */,
				A455D8E02BB559D600903E11 /* FirebaseAnalyticsOnDeviceConversion */,
				A455D8E22BB559D600903E11 /* FirebaseAnalyticsSwift */,
				A455D8E42BB559D600903E11 /* FirebaseAnalyticsWithoutAdIdSupport */,
				A455D8E62BB559D600903E11 /* FirebaseAppCheck */,
				A455D8E82BB559D600903E11 /* FirebaseAppDistribution-Beta */,
				A455D8EA2BB559D600903E11 /* FirebaseAuth */,
				A455D8EC2BB559D600903E11 /* FirebaseAuthCombine-Community */,
				A455D8EE2BB559D600903E11 /* FirebaseCrashlytics */,
				A455D8F02BB559D600903E11 /* FirebaseDatabase */,
				A455D8F22BB559D600903E11 /* FirebaseDatabaseSwift */,
				A455D8F42BB559D600903E11 /* FirebaseDynamicLinks */,
				A455D8F62BB559D600903E11 /* FirebaseFirestore */,
				A455D8F82BB559D600903E11 /* FirebaseFirestoreCombine-Community */,
				A455D8FA2BB559D600903E11 /* FirebaseFirestoreSwift */,
				A455D8FC2BB559D600903E11 /* FirebaseFunctions */,
				A455D8FE2BB559D600903E11 /* FirebaseFunctionsCombine-Community */,
				A455D9002BB559D600903E11 /* FirebaseInAppMessaging-Beta */,
				A455D9022BB559D600903E11 /* FirebaseInAppMessagingSwift-Beta */,
				A455D9042BB559D600903E11 /* FirebaseInstallations */,
				A455D9062BB559D600903E11 /* FirebaseMLModelDownloader */,
				A455D9082BB559D600903E11 /* FirebaseMessaging */,
				A455D90A2BB559D600903E11 /* FirebasePerformance */,
				A455D90C2BB559D600903E11 /* FirebaseRemoteConfig */,
				A455D90E2BB559D600903E11 /* FirebaseRemoteConfigSwift */,
				A455D9102BB559D600903E11 /* FirebaseStorage */,
				A455D9122BB559D600903E11 /* FirebaseStorageCombine-Community */,
			);
			productName = ChoreChampion;
			productReference = A495C8C32BB3A1800053875E /* ChoreChampion.app */;
			productType = "com.apple.product-type.application";
		};
/* End PBXNativeTarget section */

/* Begin PBXProject section */
		A495C8BB2BB3A1800053875E /* Project object */ = {
			isa = PBXProject;
			attributes = {
				BuildIndependentTargetsInParallel = 1;
				LastSwiftUpdateCheck = 1520;
				LastUpgradeCheck = 1520;
				TargetAttributes = {
					A495C8C22BB3A1800053875E = {
						CreatedOnToolsVersion = 15.2;
					};
				};
			};
			buildConfigurationList = A495C8BE2BB3A1800053875E /* Build configuration list for PBXProject "ChoreChampion" */;
			compatibilityVersion = "Xcode 14.0";
			developmentRegion = en;
			hasScannedForEncodings = 0;
			knownRegions = (
				en,
				Base,
			);
			mainGroup = A495C8BA2BB3A1800053875E;
			packageReferences = (
				A455D8C92BB553B100903E11 /* XCRemoteSwiftPackageReference "firebase-ios-sdk" */,
			);
			productRefGroup = A495C8C42BB3A1800053875E /* Products */;
			projectDirPath = "";
			projectRoot = "";
			targets = (
				A495C8C22BB3A1800053875E /* ChoreChampion */,
			);
		};
/* End PBXProject section */

/* Begin PBXResourcesBuildPhase section */
		A495C8C12BB3A1800053875E /* Resources */ = {
			isa = PBXResourcesBuildPhase;
			buildActionMask = 2147483647;
			files = (
				A495C8D32BB3A1810053875E /* LaunchScreen.storyboard in Resources */,
				A4F555A92BC6355D00F19615 /* GoogleService-Info.plist in Resources */,
				A455D9182BB55DC900903E11 /* Main.storyboard in Resources */,
				A495C8D02BB3A1810053875E /* Assets.xcassets in Resources */,
			);
			runOnlyForDeploymentPostprocessing = 0;
		};
/* End PBXResourcesBuildPhase section */

/* Begin PBXSourcesBuildPhase section */
		A495C8BF2BB3A1800053875E /* Sources */ = {
			isa = PBXSourcesBuildPhase;
			buildActionMask = 2147483647;
			files = (
				A41178392BBA1ADD0046170C /* UserDefaultsChoresManager.swift in Sources */,
				A41178252BB9137D0046170C /* UIViewContollerExtension.swift in Sources */,
				A41178272BB913F60046170C /* MainControllerExtension.swift in Sources */,
				A41178332BBA11D70046170C /* ChoresManaging.swift in Sources */,
				A41178152BB90A020046170C /* FirebaseAuthenticationService.swift in Sources */,
				A41178312BBA119C0046170C /* AuthDelegate.swift in Sources */,
				A41178352BBA12280046170C /* InMemoryChoresManager.swift in Sources */,
				A4672CE22BB62A640040B503 /* CredentialsModel.swift in Sources */,
				A495C8CB2BB3A1800053875E /* LoginViewController.swift in Sources */,
				A41178372BBA150F0046170C /* AddChoreDelegate.swift in Sources */,
				A495C8C72BB3A1800053875E /* AppDelegate.swift in Sources */,
				A4A53F012BC4DF0300A852F8 /* DetailsViewController.swift in Sources */,
				A42E279C2BBB529100281868 /* DetailsControllerExtension.swift in Sources */,
				A495C8C92BB3A1800053875E /* SceneDelegate.swift in Sources */,
				A455D9202BB55E7F00903E11 /* MainViewController.swift in Sources */,
				A411781A2BB90A390046170C /* AuthManager.swift in Sources */,
				A411781F2BB90F630046170C /* ChoreModel.swift in Sources */,
			);
			runOnlyForDeploymentPostprocessing = 0;
		};
/* End PBXSourcesBuildPhase section */

/* Begin PBXVariantGroup section */
		A495C8D12BB3A1810053875E /* LaunchScreen.storyboard */ = {
			isa = PBXVariantGroup;
			children = (
				A495C8D22BB3A1810053875E /* Base */,
			);
			name = LaunchScreen.storyboard;
			sourceTree = "<group>";
		};
/* End PBXVariantGroup section */

/* Begin XCBuildConfiguration section */
		A495C8D52BB3A1810053875E /* Debug */ = {
			isa = XCBuildConfiguration;
			buildSettings = {
				ALWAYS_SEARCH_USER_PATHS = NO;
				ASSETCATALOG_COMPILER_GENERATE_SWIFT_ASSET_SYMBOL_EXTENSIONS = YES;
				CLANG_ANALYZER_NONNULL = YES;
				CLANG_ANALYZER_NUMBER_OBJECT_CONVERSION = YES_AGGRESSIVE;
				CLANG_CXX_LANGUAGE_STANDARD = "gnu++20";
				CLANG_ENABLE_MODULES = YES;
				CLANG_ENABLE_OBJC_ARC = YES;
				CLANG_ENABLE_OBJC_WEAK = YES;
				CLANG_WARN_BLOCK_CAPTURE_AUTORELEASING = YES;
				CLANG_WARN_BOOL_CONVERSION = YES;
				CLANG_WARN_COMMA = YES;
				CLANG_WARN_CONSTANT_CONVERSION = YES;
				CLANG_WARN_DEPRECATED_OBJC_IMPLEMENTATIONS = YES;
				CLANG_WARN_DIRECT_OBJC_ISA_USAGE = YES_ERROR;
				CLANG_WARN_DOCUMENTATION_COMMENTS = YES;
				CLANG_WARN_EMPTY_BODY = YES;
				CLANG_WARN_ENUM_CONVERSION = YES;
				CLANG_WARN_INFINITE_RECURSION = YES;
				CLANG_WARN_INT_CONVERSION = YES;
				CLANG_WARN_NON_LITERAL_NULL_CONVERSION = YES;
				CLANG_WARN_OBJC_IMPLICIT_RETAIN_SELF = YES;
				CLANG_WARN_OBJC_LITERAL_CONVERSION = YES;
				CLANG_WARN_OBJC_ROOT_CLASS = YES_ERROR;
				CLANG_WARN_QUOTED_INCLUDE_IN_FRAMEWORK_HEADER = YES;
				CLANG_WARN_RANGE_LOOP_ANALYSIS = YES;
				CLANG_WARN_STRICT_PROTOTYPES = YES;
				CLANG_WARN_SUSPICIOUS_MOVE = YES;
				CLANG_WARN_UNGUARDED_AVAILABILITY = YES_AGGRESSIVE;
				CLANG_WARN_UNREACHABLE_CODE = YES;
				CLANG_WARN__DUPLICATE_METHOD_MATCH = YES;
				COPY_PHASE_STRIP = NO;
				DEBUG_INFORMATION_FORMAT = dwarf;
				ENABLE_STRICT_OBJC_MSGSEND = YES;
				ENABLE_TESTABILITY = YES;
				ENABLE_USER_SCRIPT_SANDBOXING = YES;
				GCC_C_LANGUAGE_STANDARD = gnu17;
				GCC_DYNAMIC_NO_PIC = NO;
				GCC_NO_COMMON_BLOCKS = YES;
				GCC_OPTIMIZATION_LEVEL = 0;
				GCC_PREPROCESSOR_DEFINITIONS = (
					"DEBUG=1",
					"$(inherited)",
				);
				GCC_WARN_64_TO_32_BIT_CONVERSION = YES;
				GCC_WARN_ABOUT_RETURN_TYPE = YES_ERROR;
				GCC_WARN_UNDECLARED_SELECTOR = YES;
				GCC_WARN_UNINITIALIZED_AUTOS = YES_AGGRESSIVE;
				GCC_WARN_UNUSED_FUNCTION = YES;
				GCC_WARN_UNUSED_VARIABLE = YES;
				IPHONEOS_DEPLOYMENT_TARGET = 17.2;
				LOCALIZATION_PREFERS_STRING_CATALOGS = YES;
				MTL_ENABLE_DEBUG_INFO = INCLUDE_SOURCE;
				MTL_FAST_MATH = YES;
				ONLY_ACTIVE_ARCH = YES;
				SDKROOT = iphoneos;
				SWIFT_ACTIVE_COMPILATION_CONDITIONS = "DEBUG $(inherited)";
				SWIFT_OPTIMIZATION_LEVEL = "-Onone";
			};
			name = Debug;
		};
		A495C8D62BB3A1810053875E /* Release */ = {
			isa = XCBuildConfiguration;
			buildSettings = {
				ALWAYS_SEARCH_USER_PATHS = NO;
				ASSETCATALOG_COMPILER_GENERATE_SWIFT_ASSET_SYMBOL_EXTENSIONS = YES;
				CLANG_ANALYZER_NONNULL = YES;
				CLANG_ANALYZER_NUMBER_OBJECT_CONVERSION = YES_AGGRESSIVE;
				CLANG_CXX_LANGUAGE_STANDARD = "gnu++20";
				CLANG_ENABLE_MODULES = YES;
				CLANG_ENABLE_OBJC_ARC = YES;
				CLANG_ENABLE_OBJC_WEAK = YES;
				CLANG_WARN_BLOCK_CAPTURE_AUTORELEASING = YES;
				CLANG_WARN_BOOL_CONVERSION = YES;
				CLANG_WARN_COMMA = YES;
				CLANG_WARN_CONSTANT_CONVERSION = YES;
				CLANG_WARN_DEPRECATED_OBJC_IMPLEMENTATIONS = YES;
				CLANG_WARN_DIRECT_OBJC_ISA_USAGE = YES_ERROR;
				CLANG_WARN_DOCUMENTATION_COMMENTS = YES;
				CLANG_WARN_EMPTY_BODY = YES;
				CLANG_WARN_ENUM_CONVERSION = YES;
				CLANG_WARN_INFINITE_RECURSION = YES;
				CLANG_WARN_INT_CONVERSION = YES;
				CLANG_WARN_NON_LITERAL_NULL_CONVERSION = YES;
				CLANG_WARN_OBJC_IMPLICIT_RETAIN_SELF = YES;
				CLANG_WARN_OBJC_LITERAL_CONVERSION = YES;
				CLANG_WARN_OBJC_ROOT_CLASS = YES_ERROR;
				CLANG_WARN_QUOTED_INCLUDE_IN_FRAMEWORK_HEADER = YES;
				CLANG_WARN_RANGE_LOOP_ANALYSIS = YES;
				CLANG_WARN_STRICT_PROTOTYPES = YES;
				CLANG_WARN_SUSPICIOUS_MOVE = YES;
				CLANG_WARN_UNGUARDED_AVAILABILITY = YES_AGGRESSIVE;
				CLANG_WARN_UNREACHABLE_CODE = YES;
				CLANG_WARN__DUPLICATE_METHOD_MATCH = YES;
				COPY_PHASE_STRIP = NO;
				DEBUG_INFORMATION_FORMAT = "dwarf-with-dsym";
				ENABLE_NS_ASSERTIONS = NO;
				ENABLE_STRICT_OBJC_MSGSEND = YES;
				ENABLE_USER_SCRIPT_SANDBOXING = YES;
				GCC_C_LANGUAGE_STANDARD = gnu17;
				GCC_NO_COMMON_BLOCKS = YES;
				GCC_WARN_64_TO_32_BIT_CONVERSION = YES;
				GCC_WARN_ABOUT_RETURN_TYPE = YES_ERROR;
				GCC_WARN_UNDECLARED_SELECTOR = YES;
				GCC_WARN_UNINITIALIZED_AUTOS = YES_AGGRESSIVE;
				GCC_WARN_UNUSED_FUNCTION = YES;
				GCC_WARN_UNUSED_VARIABLE = YES;
				IPHONEOS_DEPLOYMENT_TARGET = 17.2;
				LOCALIZATION_PREFERS_STRING_CATALOGS = YES;
				MTL_ENABLE_DEBUG_INFO = NO;
				MTL_FAST_MATH = YES;
				SDKROOT = iphoneos;
				SWIFT_COMPILATION_MODE = wholemodule;
				VALIDATE_PRODUCT = YES;
			};
			name = Release;
		};
		A495C8D82BB3A1810053875E /* Debug */ = {
			isa = XCBuildConfiguration;
			buildSettings = {
				ASSETCATALOG_COMPILER_APPICON_NAME = AppIcon;
				ASSETCATALOG_COMPILER_GLOBAL_ACCENT_COLOR_NAME = AccentColor;
				CODE_SIGN_STYLE = Automatic;
				CURRENT_PROJECT_VERSION = 1;
				GENERATE_INFOPLIST_FILE = YES;
				INFOPLIST_FILE = ChoreChampion/Info.plist;
				INFOPLIST_KEY_UIApplicationSupportsIndirectInputEvents = YES;
				INFOPLIST_KEY_UILaunchStoryboardName = LaunchScreen;
				INFOPLIST_KEY_UIMainStoryboardFile = Main;
				INFOPLIST_KEY_UISupportedInterfaceOrientations_iPad = "UIInterfaceOrientationPortrait UIInterfaceOrientationPortraitUpsideDown UIInterfaceOrientationLandscapeLeft UIInterfaceOrientationLandscapeRight";
				INFOPLIST_KEY_UISupportedInterfaceOrientations_iPhone = "UIInterfaceOrientationPortrait UIInterfaceOrientationLandscapeLeft UIInterfaceOrientationLandscapeRight";
				LD_RUNPATH_SEARCH_PATHS = (
					"$(inherited)",
					"@executable_path/Frameworks",
				);
				MARKETING_VERSION = 1.0;
				PRODUCT_BUNDLE_IDENTIFIER = com.rhythm.group.ChoreChampion;
				PRODUCT_NAME = "$(TARGET_NAME)";
				SWIFT_EMIT_LOC_STRINGS = YES;
				SWIFT_VERSION = 5.0;
				TARGETED_DEVICE_FAMILY = "1,2";
			};
			name = Debug;
		};
		A495C8D92BB3A1810053875E /* Release */ = {
			isa = XCBuildConfiguration;
			buildSettings = {
				ASSETCATALOG_COMPILER_APPICON_NAME = AppIcon;
				ASSETCATALOG_COMPILER_GLOBAL_ACCENT_COLOR_NAME = AccentColor;
				CODE_SIGN_STYLE = Automatic;
				CURRENT_PROJECT_VERSION = 1;
				GENERATE_INFOPLIST_FILE = YES;
				INFOPLIST_FILE = ChoreChampion/Info.plist;
				INFOPLIST_KEY_UIApplicationSupportsIndirectInputEvents = YES;
				INFOPLIST_KEY_UILaunchStoryboardName = LaunchScreen;
				INFOPLIST_KEY_UIMainStoryboardFile = Main;
				INFOPLIST_KEY_UISupportedInterfaceOrientations_iPad = "UIInterfaceOrientationPortrait UIInterfaceOrientationPortraitUpsideDown UIInterfaceOrientationLandscapeLeft UIInterfaceOrientationLandscapeRight";
				INFOPLIST_KEY_UISupportedInterfaceOrientations_iPhone = "UIInterfaceOrientationPortrait UIInterfaceOrientationLandscapeLeft UIInterfaceOrientationLandscapeRight";
				LD_RUNPATH_SEARCH_PATHS = (
					"$(inherited)",
					"@executable_path/Frameworks",
				);
				MARKETING_VERSION = 1.0;
				PRODUCT_BUNDLE_IDENTIFIER = com.rhythm.group.ChoreChampion;
				PRODUCT_NAME = "$(TARGET_NAME)";
				SWIFT_EMIT_LOC_STRINGS = YES;
				SWIFT_VERSION = 5.0;
				TARGETED_DEVICE_FAMILY = "1,2";
			};
			name = Release;
		};
/* End XCBuildConfiguration section */

/* Begin XCConfigurationList section */
		A495C8BE2BB3A1800053875E /* Build configuration list for PBXProject "ChoreChampion" */ = {
			isa = XCConfigurationList;
			buildConfigurations = (
				A495C8D52BB3A1810053875E /* Debug */,
				A495C8D62BB3A1810053875E /* Release */,
			);
			defaultConfigurationIsVisible = 0;
			defaultConfigurationName = Release;
		};
		A495C8D72BB3A1810053875E /* Build configuration list for PBXNativeTarget "ChoreChampion" */ = {
			isa = XCConfigurationList;
			buildConfigurations = (
				A495C8D82BB3A1810053875E /* Debug */,
				A495C8D92BB3A1810053875E /* Release */,
			);
			defaultConfigurationIsVisible = 0;
			defaultConfigurationName = Release;
		};
/* End XCConfigurationList section */

/* Begin XCRemoteSwiftPackageReference section */
		A455D8C92BB553B100903E11 /* XCRemoteSwiftPackageReference "firebase-ios-sdk" */ = {
			isa = XCRemoteSwiftPackageReference;
			repositoryURL = "https://github.com/firebase/firebase-ios-sdk";
			requirement = {
				kind = upToNextMajorVersion;
				minimumVersion = 10.23.0;
			};
		};
/* End XCRemoteSwiftPackageReference section */

/* Begin XCSwiftPackageProductDependency section */
		A455D8CA2BB553B100903E11 /* FirebaseAnalytics */ = {
			isa = XCSwiftPackageProductDependency;
			package = A455D8C92BB553B100903E11 /* XCRemoteSwiftPackageReference "firebase-ios-sdk" */;
			productName = FirebaseAnalytics;
		};
		A455D8CC2BB553B100903E11 /* FirebaseAnalyticsOnDeviceConversion */ = {
			isa = XCSwiftPackageProductDependency;
			package = A455D8C92BB553B100903E11 /* XCRemoteSwiftPackageReference "firebase-ios-sdk" */;
			productName = FirebaseAnalyticsOnDeviceConversion;
		};
		A455D8CE2BB553B100903E11 /* FirebaseAnalyticsSwift */ = {
			isa = XCSwiftPackageProductDependency;
			package = A455D8C92BB553B100903E11 /* XCRemoteSwiftPackageReference "firebase-ios-sdk" */;
			productName = FirebaseAnalyticsSwift;
		};
		A455D8D02BB553B100903E11 /* FirebaseAnalyticsWithoutAdIdSupport */ = {
			isa = XCSwiftPackageProductDependency;
			package = A455D8C92BB553B100903E11 /* XCRemoteSwiftPackageReference "firebase-ios-sdk" */;
			productName = FirebaseAnalyticsWithoutAdIdSupport;
		};
		A455D8D22BB553B100903E11 /* FirebaseAppCheck */ = {
			isa = XCSwiftPackageProductDependency;
			package = A455D8C92BB553B100903E11 /* XCRemoteSwiftPackageReference "firebase-ios-sdk" */;
			productName = FirebaseAppCheck;
		};
		A455D8D42BB558C500903E11 /* FirebaseAnalytics */ = {
			isa = XCSwiftPackageProductDependency;
			package = A455D8C92BB553B100903E11 /* XCRemoteSwiftPackageReference "firebase-ios-sdk" */;
			productName = FirebaseAnalytics;
		};
		A455D8D62BB558C500903E11 /* FirebaseAnalyticsOnDeviceConversion */ = {
			isa = XCSwiftPackageProductDependency;
			package = A455D8C92BB553B100903E11 /* XCRemoteSwiftPackageReference "firebase-ios-sdk" */;
			productName = FirebaseAnalyticsOnDeviceConversion;
		};
		A455D8D82BB558C500903E11 /* FirebaseAnalyticsSwift */ = {
			isa = XCSwiftPackageProductDependency;
			package = A455D8C92BB553B100903E11 /* XCRemoteSwiftPackageReference "firebase-ios-sdk" */;
			productName = FirebaseAnalyticsSwift;
		};
		A455D8DA2BB558C500903E11 /* FirebaseAnalyticsWithoutAdIdSupport */ = {
			isa = XCSwiftPackageProductDependency;
			package = A455D8C92BB553B100903E11 /* XCRemoteSwiftPackageReference "firebase-ios-sdk" */;
			productName = FirebaseAnalyticsWithoutAdIdSupport;
		};
		A455D8DC2BB558C500903E11 /* FirebaseAppCheck */ = {
			isa = XCSwiftPackageProductDependency;
			package = A455D8C92BB553B100903E11 /* XCRemoteSwiftPackageReference "firebase-ios-sdk" */;
			productName = FirebaseAppCheck;
		};
		A455D8DE2BB559D600903E11 /* FirebaseAnalytics */ = {
			isa = XCSwiftPackageProductDependency;
			package = A455D8C92BB553B100903E11 /* XCRemoteSwiftPackageReference "firebase-ios-sdk" */;
			productName = FirebaseAnalytics;
		};
		A455D8E02BB559D600903E11 /* FirebaseAnalyticsOnDeviceConversion */ = {
			isa = XCSwiftPackageProductDependency;
			package = A455D8C92BB553B100903E11 /* XCRemoteSwiftPackageReference "firebase-ios-sdk" */;
			productName = FirebaseAnalyticsOnDeviceConversion;
		};
		A455D8E22BB559D600903E11 /* FirebaseAnalyticsSwift */ = {
			isa = XCSwiftPackageProductDependency;
			package = A455D8C92BB553B100903E11 /* XCRemoteSwiftPackageReference "firebase-ios-sdk" */;
			productName = FirebaseAnalyticsSwift;
		};
		A455D8E42BB559D600903E11 /* FirebaseAnalyticsWithoutAdIdSupport */ = {
			isa = XCSwiftPackageProductDependency;
			package = A455D8C92BB553B100903E11 /* XCRemoteSwiftPackageReference "firebase-ios-sdk" */;
			productName = FirebaseAnalyticsWithoutAdIdSupport;
		};
		A455D8E62BB559D600903E11 /* FirebaseAppCheck */ = {
			isa = XCSwiftPackageProductDependency;
			package = A455D8C92BB553B100903E11 /* XCRemoteSwiftPackageReference "firebase-ios-sdk" */;
			productName = FirebaseAppCheck;
		};
		A455D8E82BB559D600903E11 /* FirebaseAppDistribution-Beta */ = {
			isa = XCSwiftPackageProductDependency;
			package = A455D8C92BB553B100903E11 /* XCRemoteSwiftPackageReference "firebase-ios-sdk" */;
			productName = "FirebaseAppDistribution-Beta";
		};
		A455D8EA2BB559D600903E11 /* FirebaseAuth */ = {
			isa = XCSwiftPackageProductDependency;
			package = A455D8C92BB553B100903E11 /* XCRemoteSwiftPackageReference "firebase-ios-sdk" */;
			productName = FirebaseAuth;
		};
		A455D8EC2BB559D600903E11 /* FirebaseAuthCombine-Community */ = {
			isa = XCSwiftPackageProductDependency;
			package = A455D8C92BB553B100903E11 /* XCRemoteSwiftPackageReference "firebase-ios-sdk" */;
			productName = "FirebaseAuthCombine-Community";
		};
		A455D8EE2BB559D600903E11 /* FirebaseCrashlytics */ = {
			isa = XCSwiftPackageProductDependency;
			package = A455D8C92BB553B100903E11 /* XCRemoteSwiftPackageReference "firebase-ios-sdk" */;
			productName = FirebaseCrashlytics;
		};
		A455D8F02BB559D600903E11 /* FirebaseDatabase */ = {
			isa = XCSwiftPackageProductDependency;
			package = A455D8C92BB553B100903E11 /* XCRemoteSwiftPackageReference "firebase-ios-sdk" */;
			productName = FirebaseDatabase;
		};
		A455D8F22BB559D600903E11 /* FirebaseDatabaseSwift */ = {
			isa = XCSwiftPackageProductDependency;
			package = A455D8C92BB553B100903E11 /* XCRemoteSwiftPackageReference "firebase-ios-sdk" */;
			productName = FirebaseDatabaseSwift;
		};
		A455D8F42BB559D600903E11 /* FirebaseDynamicLinks */ = {
			isa = XCSwiftPackageProductDependency;
			package = A455D8C92BB553B100903E11 /* XCRemoteSwiftPackageReference "firebase-ios-sdk" */;
			productName = FirebaseDynamicLinks;
		};
		A455D8F62BB559D600903E11 /* FirebaseFirestore */ = {
			isa = XCSwiftPackageProductDependency;
			package = A455D8C92BB553B100903E11 /* XCRemoteSwiftPackageReference "firebase-ios-sdk" */;
			productName = FirebaseFirestore;
		};
		A455D8F82BB559D600903E11 /* FirebaseFirestoreCombine-Community */ = {
			isa = XCSwiftPackageProductDependency;
			package = A455D8C92BB553B100903E11 /* XCRemoteSwiftPackageReference "firebase-ios-sdk" */;
			productName = "FirebaseFirestoreCombine-Community";
		};
		A455D8FA2BB559D600903E11 /* FirebaseFirestoreSwift */ = {
			isa = XCSwiftPackageProductDependency;
			package = A455D8C92BB553B100903E11 /* XCRemoteSwiftPackageReference "firebase-ios-sdk" */;
			productName = FirebaseFirestoreSwift;
		};
		A455D8FC2BB559D600903E11 /* FirebaseFunctions */ = {
			isa = XCSwiftPackageProductDependency;
			package = A455D8C92BB553B100903E11 /* XCRemoteSwiftPackageReference "firebase-ios-sdk" */;
			productName = FirebaseFunctions;
		};
		A455D8FE2BB559D600903E11 /* FirebaseFunctionsCombine-Community */ = {
			isa = XCSwiftPackageProductDependency;
			package = A455D8C92BB553B100903E11 /* XCRemoteSwiftPackageReference "firebase-ios-sdk" */;
			productName = "FirebaseFunctionsCombine-Community";
		};
		A455D9002BB559D600903E11 /* FirebaseInAppMessaging-Beta */ = {
			isa = XCSwiftPackageProductDependency;
			package = A455D8C92BB553B100903E11 /* XCRemoteSwiftPackageReference "firebase-ios-sdk" */;
			productName = "FirebaseInAppMessaging-Beta";
		};
		A455D9022BB559D600903E11 /* FirebaseInAppMessagingSwift-Beta */ = {
			isa = XCSwiftPackageProductDependency;
			package = A455D8C92BB553B100903E11 /* XCRemoteSwiftPackageReference "firebase-ios-sdk" */;
			productName = "FirebaseInAppMessagingSwift-Beta";
		};
		A455D9042BB559D600903E11 /* FirebaseInstallations */ = {
			isa = XCSwiftPackageProductDependency;
			package = A455D8C92BB553B100903E11 /* XCRemoteSwiftPackageReference "firebase-ios-sdk" */;
			productName = FirebaseInstallations;
		};
		A455D9062BB559D600903E11 /* FirebaseMLModelDownloader */ = {
			isa = XCSwiftPackageProductDependency;
			package = A455D8C92BB553B100903E11 /* XCRemoteSwiftPackageReference "firebase-ios-sdk" */;
			productName = FirebaseMLModelDownloader;
		};
		A455D9082BB559D600903E11 /* FirebaseMessaging */ = {
			isa = XCSwiftPackageProductDependency;
			package = A455D8C92BB553B100903E11 /* XCRemoteSwiftPackageReference "firebase-ios-sdk" */;
			productName = FirebaseMessaging;
		};
		A455D90A2BB559D600903E11 /* FirebasePerformance */ = {
			isa = XCSwiftPackageProductDependency;
			package = A455D8C92BB553B100903E11 /* XCRemoteSwiftPackageReference "firebase-ios-sdk" */;
			productName = FirebasePerformance;
		};
		A455D90C2BB559D600903E11 /* FirebaseRemoteConfig */ = {
			isa = XCSwiftPackageProductDependency;
			package = A455D8C92BB553B100903E11 /* XCRemoteSwiftPackageReference "firebase-ios-sdk" */;
			productName = FirebaseRemoteConfig;
		};
		A455D90E2BB559D600903E11 /* FirebaseRemoteConfigSwift */ = {
			isa = XCSwiftPackageProductDependency;
			package = A455D8C92BB553B100903E11 /* XCRemoteSwiftPackageReference "firebase-ios-sdk" */;
			productName = FirebaseRemoteConfigSwift;
		};
		A455D9102BB559D600903E11 /* FirebaseStorage */ = {
			isa = XCSwiftPackageProductDependency;
			package = A455D8C92BB553B100903E11 /* XCRemoteSwiftPackageReference "firebase-ios-sdk" */;
			productName = FirebaseStorage;
		};
		A455D9122BB559D600903E11 /* FirebaseStorageCombine-Community */ = {
			isa = XCSwiftPackageProductDependency;
			package = A455D8C92BB553B100903E11 /* XCRemoteSwiftPackageReference "firebase-ios-sdk" */;
			productName = "FirebaseStorageCombine-Community";
		};
/* End XCSwiftPackageProductDependency section */
	};
	rootObject = A495C8BB2BB3A1800053875E /* Project object */;
}
